
Microsoft Visual Studio Solution File, Format Version 12.00
# Visual Studio Version 16
VisualStudioVersion = 16.0.31112.23
MinimumVisualStudioVersion = 10.0.40219.1
Project("{FAE04EC0-301F-11D3-BF4B-00C04F79EFBC}") = "TahalufBatch3.API", "TahalufBatch3.API\TahalufBatch3.API.csproj", "{1E4E7F26-B859-47FE-82D9-85EA4515ED45}"
EndProject
Project("{FAE04EC0-301F-11D3-BF4B-00C04F79EFBC}") = "Tahaluf.Batch3.Infra", "Tahaluf.Batch3.Infra\Tahaluf.Batch3.Infra.csproj", "{3B7E522A-B5F1-426A-AB6D-DC1C13CE5796}"
EndProject
Project("{FAE04EC0-301F-11D3-BF4B-00C04F79EFBC}") = "Tahaluf.Batch3.Core", "Tahaluf.Batch3.Core\Tahaluf.Batch3.Core.csproj", "{D92FAC4D-74C4-41C8-821B-F8805B712F7E}"
EndProject
Global
	GlobalSection(SolutionConfigurationPlatforms) = preSolution
		Debug|Any CPU = Debug|Any CPU
		Release|Any CPU = Release|Any CPU
	EndGlobalSection
	GlobalSection(ProjectConfigurationPlatforms) = postSolution
		{1E4E7F26-B859-47FE-82D9-85EA4515ED45}.Debug|Any CPU.ActiveCfg = Debug|Any CPU
		{1E4E7F26-B859-47FE-82D9-85EA4515ED45}.Debug|Any CPU.Build.0 = Debug|Any CPU
		{1E4E7F26-B859-47FE-82D9-85EA4515ED45}.Release|Any CPU.ActiveCfg = Release|Any CPU
		{1E4E7F26-B859-47FE-82D9-85EA4515ED45}.Release|Any CPU.Build.0 = Release|Any CPU
		{3B7E522A-B5F1-426A-AB6D-DC1C13CE5796}.Debug|Any CPU.ActiveCfg = Debug|Any CPU
		{3B7E522A-B5F1-426A-AB6D-DC1C13CE5796}.Debug|Any CPU.Build.0 = Debug|Any CPU
		{3B7E522A-B5F1-426A-AB6D-DC1C13CE5796}.Release|Any CPU.ActiveCfg = Release|Any CPU
		{3B7E522A-B5F1-426A-AB6D-DC1C13CE5796}.Release|Any CPU.Build.0 = Release|Any CPU
		{D92FAC4D-74C4-41C8-821B-F8805B712F7E}.Debug|Any CPU.ActiveCfg = Debug|Any CPU
		{D92FAC4D-74C4-41C8-821B-F8805B712F7E}.Debug|Any CPU.Build.0 = Debug|Any CPU
		{D92FAC4D-74C4-41C8-821B-F8805B712F7E}.Release|Any CPU.ActiveCfg = Release|Any CPU
		{D92FAC4D-74C4-41C8-821B-F8805B712F7E}.Release|Any CPU.Build.0 = Release|Any CPU
	EndGlobalSection
	GlobalSection(SolutionProperties) = preSolution
		HideSolutionNode = FALSE
	EndGlobalSection
	GlobalSection(ExtensibilityGlobals) = postSolution
		SolutionGuid = {03131492-DEB9-476F-8494-FE31709A171B}
	EndGlobalSection
EndGlobal
